
Microsoft Visual Studio Solution File, Format Version 12.00
# Visual Studio Version 17
VisualStudioVersion = 17.12.35527.113
MinimumVisualStudioVersion = 10.0.40219.1
Project("{FAE04EC0-301F-11D3-BF4B-00C04F79EFBC}") = "MainComponentWpf", "MainComponentWpf\MainComponentWpf.csproj", "{96C9A8E1-1650-4B7F-AA1C-80A02DDA257A}"
EndProject
Project("{FAE04EC0-301F-11D3-BF4B-00C04F79EFBC}") = "XControlComponents", "XControlComponent\XControlComponents.csproj", "{02A7E78C-BB61-46E4-B90E-94729DD6CF25}"
EndProject
Global
	GlobalSection(SolutionConfigurationPlatforms) = preSolution
		Debug|Any CPU = Debug|Any CPU
		Release|Any CPU = Release|Any CPU
	EndGlobalSection
	GlobalSection(ProjectConfigurationPlatforms) = postSolution
		{96C9A8E1-1650-4B7F-AA1C-80A02DDA257A}.Debug|Any CPU.ActiveCfg = Debug|Any CPU
		{96C9A8E1-1650-4B7F-AA1C-80A02DDA257A}.Debug|Any CPU.Build.0 = Debug|Any CPU
		{96C9A8E1-1650-4B7F-AA1C-80A02DDA257A}.Release|Any CPU.ActiveCfg = Release|Any CPU
		{96C9A8E1-1650-4B7F-AA1C-80A02DDA257A}.Release|Any CPU.Build.0 = Release|Any CPU
		{02A7E78C-BB61-46E4-B90E-94729DD6CF25}.Debug|Any CPU.ActiveCfg = Debug|Any CPU
		{02A7E78C-BB61-46E4-B90E-94729DD6CF25}.Debug|Any CPU.Build.0 = Debug|Any CPU
		{02A7E78C-BB61-46E4-B90E-94729DD6CF25}.Release|Any CPU.ActiveCfg = Release|Any CPU
		{02A7E78C-BB61-46E4-B90E-94729DD6CF25}.Release|Any CPU.Build.0 = Release|Any CPU
	EndGlobalSection
	GlobalSection(SolutionProperties) = preSolution
		HideSolutionNode = FALSE
	EndGlobalSection
EndGlobal
